
Microsoft Visual Studio Solution File, Format Version 12.00
# Visual Studio Version 16
VisualStudioVersion = 16.0.31129.286
MinimumVisualStudioVersion = 10.0.40219.1
Project("{9A19103F-16F7-4668-BE54-9A1E7A4F7556}") = "DiscordBot", "DiscordBot\DiscordBot.csproj", "{7D4202AF-1F1D-4EEF-96AD-F5E752D3116E}"
EndProject
Project("{9A19103F-16F7-4668-BE54-9A1E7A4F7556}") = "DiscordBotLib", "DiscordBotLib\DiscordBotLib.csproj", "{37CC1B25-ECD3-4815-8770-344583557442}"
EndProject
Project("{9A19103F-16F7-4668-BE54-9A1E7A4F7556}") = "DiscordBotApi", "DiscordBotApi\DiscordBotApi.csproj", "{524F1FC0-79E1-49B1-ACDE-FF9510AAFEFF}"
EndProject
Project("{9A19103F-16F7-4668-BE54-9A1E7A4F7556}") = "DiscordBotApiLib", "DiscordBotApiLib\DiscordBotApiLib.csproj", "{7A5101B7-D87C-4F80-AA01-E576FF5531B6}"
EndProject
Project("{9A19103F-16F7-4668-BE54-9A1E7A4F7556}") = "DiscordBotApiWrapper", "DiscordBotApiWrapper\DiscordBotApiWrapper.csproj", "{C42BFF2B-98A5-443B-BA28-9640F4F21A29}"
EndProject
Project("{FAE04EC0-301F-11D3-BF4B-00C04F79EFBC}") = "ApiWrapperTestDemoThing", "ApiWrapperTestDemoThing\ApiWrapperTestDemoThing.csproj", "{6CF91DCA-08E3-4224-ACEF-061A64A1FFB5}"
EndProject
Global
	GlobalSection(SolutionConfigurationPlatforms) = preSolution
		Debug|Any CPU = Debug|Any CPU
		Release|Any CPU = Release|Any CPU
	EndGlobalSection
	GlobalSection(ProjectConfigurationPlatforms) = postSolution
		{7D4202AF-1F1D-4EEF-96AD-F5E752D3116E}.Debug|Any CPU.ActiveCfg = Debug|Any CPU
		{7D4202AF-1F1D-4EEF-96AD-F5E752D3116E}.Debug|Any CPU.Build.0 = Debug|Any CPU
		{7D4202AF-1F1D-4EEF-96AD-F5E752D3116E}.Release|Any CPU.ActiveCfg = Release|Any CPU
		{7D4202AF-1F1D-4EEF-96AD-F5E752D3116E}.Release|Any CPU.Build.0 = Release|Any CPU
		{524F1FC0-79E1-49B1-ACDE-FF9510AAFEFF}.Debug|Any CPU.ActiveCfg = Debug|Any CPU
		{524F1FC0-79E1-49B1-ACDE-FF9510AAFEFF}.Debug|Any CPU.Build.0 = Debug|Any CPU
		{524F1FC0-79E1-49B1-ACDE-FF9510AAFEFF}.Release|Any CPU.ActiveCfg = Release|Any CPU
		{524F1FC0-79E1-49B1-ACDE-FF9510AAFEFF}.Release|Any CPU.Build.0 = Release|Any CPU
		{7A5101B7-D87C-4F80-AA01-E576FF5531B6}.Debug|Any CPU.ActiveCfg = Debug|Any CPU
		{7A5101B7-D87C-4F80-AA01-E576FF5531B6}.Debug|Any CPU.Build.0 = Debug|Any CPU
		{7A5101B7-D87C-4F80-AA01-E576FF5531B6}.Release|Any CPU.ActiveCfg = Release|Any CPU
		{7A5101B7-D87C-4F80-AA01-E576FF5531B6}.Release|Any CPU.Build.0 = Release|Any CPU
		{37CC1B25-ECD3-4815-8770-344583557442}.Debug|Any CPU.ActiveCfg = Debug|Any CPU
		{37CC1B25-ECD3-4815-8770-344583557442}.Debug|Any CPU.Build.0 = Debug|Any CPU
		{37CC1B25-ECD3-4815-8770-344583557442}.Release|Any CPU.ActiveCfg = Release|Any CPU
		{37CC1B25-ECD3-4815-8770-344583557442}.Release|Any CPU.Build.0 = Release|Any CPU
		{C42BFF2B-98A5-443B-BA28-9640F4F21A29}.Debug|Any CPU.ActiveCfg = Debug|Any CPU
		{C42BFF2B-98A5-443B-BA28-9640F4F21A29}.Debug|Any CPU.Build.0 = Debug|Any CPU
		{C42BFF2B-98A5-443B-BA28-9640F4F21A29}.Release|Any CPU.ActiveCfg = Release|Any CPU
		{C42BFF2B-98A5-443B-BA28-9640F4F21A29}.Release|Any CPU.Build.0 = Release|Any CPU
		{6CF91DCA-08E3-4224-ACEF-061A64A1FFB5}.Debug|Any CPU.ActiveCfg = Debug|Any CPU
		{6CF91DCA-08E3-4224-ACEF-061A64A1FFB5}.Debug|Any CPU.Build.0 = Debug|Any CPU
		{6CF91DCA-08E3-4224-ACEF-061A64A1FFB5}.Release|Any CPU.ActiveCfg = Release|Any CPU
		{6CF91DCA-08E3-4224-ACEF-061A64A1FFB5}.Release|Any CPU.Build.0 = Release|Any CPU
	EndGlobalSection
	GlobalSection(SolutionProperties) = preSolution
		HideSolutionNode = FALSE
	EndGlobalSection
	GlobalSection(ExtensibilityGlobals) = postSolution
		SolutionGuid = {3E7F94A2-F736-44AB-861A-3FD68268FAD9}
	EndGlobalSection
EndGlobal
